
Microsoft Visual Studio Solution File, Format Version 12.00
# Visual Studio Version 17
VisualStudioVersion = 17.7.34024.191
MinimumVisualStudioVersion = 10.0.40219.1
Project("{FAE04EC0-301F-11D3-BF4B-00C04F79EFBC}") = "Klaviatura.WPF", "Klaviatura.WPF\Klaviatura.WPF.csproj", "{9A1F96AA-ED94-4575-8BF2-7BBEB0CB7B59}"
EndProject
Global
	GlobalSection(SolutionConfigurationPlatforms) = preSolution
		Debug|Any CPU = Debug|Any CPU
		Release|Any CPU = Release|Any CPU
	EndGlobalSection
	GlobalSection(ProjectConfigurationPlatforms) = postSolution
		{9A1F96AA-ED94-4575-8BF2-7BBEB0CB7B59}.Debug|Any CPU.ActiveCfg = Debug|Any CPU
		{9A1F96AA-ED94-4575-8BF2-7BBEB0CB7B59}.Debug|Any CPU.Build.0 = Debug|Any CPU
		{9A1F96AA-ED94-4575-8BF2-7BBEB0CB7B59}.Release|Any CPU.ActiveCfg = Release|Any CPU
		{9A1F96AA-ED94-4575-8BF2-7BBEB0CB7B59}.Release|Any CPU.Build.0 = Release|Any CPU
	EndGlobalSection
	GlobalSection(SolutionProperties) = preSolution
		HideSolutionNode = FALSE
	EndGlobalSection
	GlobalSection(ExtensibilityGlobals) = postSolution
		SolutionGuid = {8F59F5F2-1DC6-4726-8A04-7BD5CE974762}
	EndGlobalSection
EndGlobal
